{
    "name": "com.troublecat.chonks",
    "version": "0.0.1",
    "lockfileVersion": 1,
    "requires": true,
    "dependencies": {
        "@semantic-release/changelog": {
            "version": "5.0.1",
            "resolved": "https://registry.npmjs.org/@semantic-release/changelog/-/changelog-5.0.1.tgz",
            "integrity": "sha512-unvqHo5jk4dvAf2nZ3aw4imrlwQ2I50eVVvq9D47Qc3R+keNqepx1vDYwkjF8guFXnOYaYcR28yrZWno1hFbiw==",
            "requires": {
                "@semantic-release/error": "^2.1.0",
                "aggregate-error": "^3.0.0",
                "fs-extra": "^9.0.0",
                "lodash": "^4.17.4"
            }
        },
        "@semantic-release/error": {
            "version": "2.2.0",
            "resolved": "https://registry.npmjs.org/@semantic-release/error/-/error-2.2.0.tgz",
            "integrity": "sha512-9Tj/qn+y2j+sjCI3Jd+qseGtHjOAeg7dU2/lVcqIQ9TV3QDaDXDYXcoOHU+7o2Hwh8L8ymL4gfuO7KxDs3q2zg=="
        },
        "@semantic-release/git": {
            "version": "9.0.0",
            "resolved": "https://registry.npmjs.org/@semantic-release/git/-/git-9.0.0.tgz",
            "integrity": "sha512-AZ4Zha5NAPAciIJH3ipzw/WU9qLAn8ENaoVAhD6srRPxTpTzuV3NhNh14rcAo8Paj9dO+5u4rTKcpetOBluYVw==",
            "requires": {
                "@semantic-release/error": "^2.1.0",
                "aggregate-error": "^3.0.0",
                "debug": "^4.0.0",
                "dir-glob": "^3.0.0",
                "execa": "^4.0.0",
                "lodash": "^4.17.4",
                "micromatch": "^4.0.0",
                "p-reduce": "^2.0.0"
            }
        },
        "aggregate-error": {
            "version": "3.1.0",
            "resolved": "https://registry.npmjs.org/aggregate-error/-/aggregate-error-3.1.0.tgz",
            "integrity": "sha512-4I7Td01quW/RpocfNayFdFVk1qSuoh0E7JrbRJ16nH01HhKFQ88INq9Sd+nd72zqRySlr9BmDA8xlEJ6vJMrYA==",
            "requires": {
                "clean-stack": "^2.0.0",
                "indent-string": "^4.0.0"
            }
        },
        "at-least-node": {
            "version": "1.0.0",
            "resolved": "https://registry.npmjs.org/at-least-node/-/at-least-node-1.0.0.tgz",
            "integrity": "sha512-+q/t7Ekv1EDY2l6Gda6LLiX14rU9TV20Wa3ofeQmwPFZbOMo9DXrLbOjFaaclkXKWidIaopwAObQDqwWtGUjqg=="
        },
        "braces": {
            "version": "3.0.2",
            "resolved": "https://registry.npmjs.org/braces/-/braces-3.0.2.tgz",
            "integrity": "sha512-b8um+L1RzM3WDSzvhm6gIz1yfTbBt6YTlcEKAvsmqCZZFw46z626lVj9j1yEPW33H5H+lBQpZMP1k8l+78Ha0A==",
            "requires": {
                "fill-range": "^7.0.1"
            }
        },
        "call-bind": {
            "version": "1.0.2",
            "resolved": "https://registry.npmjs.org/call-bind/-/call-bind-1.0.2.tgz",
            "integrity": "sha512-7O+FbCihrB5WGbFYesctwmTKae6rOiIzmz1icreWJ+0aA7LJfuqhEso2T9ncpcFtzMQtzXf2QGGueWJGTYsqrA==",
            "requires": {
                "function-bind": "^1.1.1",
                "get-intrinsic": "^1.0.2"
            }
        },
        "clean-stack": {
            "version": "2.2.0",
            "resolved": "https://registry.npmjs.org/clean-stack/-/clean-stack-2.2.0.tgz",
            "integrity": "sha512-4diC9HaTE+KRAMWhDhrGOECgWZxoevMc5TlkObMqNSsVU62PYzXZ/SMTjzyGAFF1YusgxGcSWTEXBhp0CPwQ1A=="
        },
        "cross-spawn": {
            "version": "7.0.3",
            "resolved": "https://registry.npmjs.org/cross-spawn/-/cross-spawn-7.0.3.tgz",
            "integrity": "sha512-iRDPJKUPVEND7dHPO8rkbOnPpyDygcDFtWjpeWNCgy8WP2rXcxXL8TskReQl6OrB2G7+UJrags1q15Fudc7G6w==",
            "requires": {
                "path-key": "^3.1.0",
                "shebang-command": "^2.0.0",
                "which": "^2.0.1"
            }
        },
        "dateformat": {
            "version": "4.5.1",
            "resolved": "https://registry.npmjs.org/dateformat/-/dateformat-4.5.1.tgz",
            "integrity": "sha512-OD0TZ+B7yP7ZgpJf5K2DIbj3FZvFvxgFUuaqA/V5zTjAtAAXZ1E8bktHxmAGs4x5b7PflqA9LeQ84Og7wYtF7Q=="
        },
        "debug": {
            "version": "4.3.2",
            "resolved": "https://registry.npmjs.org/debug/-/debug-4.3.2.tgz",
            "integrity": "sha512-mOp8wKcvj7XxC78zLgw/ZA+6TSgkoE2C/ienthhRD298T7UNwAg9diBpLRxC0mOezLl4B0xV7M0cCO6P/O0Xhw==",
            "requires": {
                "ms": "2.1.2"
            }
        },
        "decode-uri-component": {
            "version": "0.2.0",
            "resolved": "https://registry.npmjs.org/decode-uri-component/-/decode-uri-component-0.2.0.tgz",
            "integrity": "sha1-6zkTMzRYd1y4TNGh+uBiEGu4dUU="
        },
        "dir-glob": {
            "version": "3.0.1",
            "resolved": "https://registry.npmjs.org/dir-glob/-/dir-glob-3.0.1.tgz",
            "integrity": "sha512-WkrWp9GR4KXfKGYzOLmTuGVi1UWFfws377n9cc55/tb6DuqyF6pcQ5AbiHEshaDpY9v6oaSr2XCDidGmMwdzIA==",
            "requires": {
                "path-type": "^4.0.0"
            }
        },
        "emoji-regex": {
            "version": "9.2.2",
            "resolved": "https://registry.npmjs.org/emoji-regex/-/emoji-regex-9.2.2.tgz",
            "integrity": "sha512-L18DaJsXSUk2+42pv8mLs5jJT2hqFkFE4j21wOmgbUqsZ2hL72NsUU785g9RXgo3s0ZNgVl42TiHp3ZtOv/Vyg=="
        },
        "end-of-stream": {
            "version": "1.4.4",
            "resolved": "https://registry.npmjs.org/end-of-stream/-/end-of-stream-1.4.4.tgz",
            "integrity": "sha512-+uw1inIHVPQoaVuHzRyXd21icM+cnt4CzD5rW+NC1wjOUSTOs+Te7FOv7AhN7vS9x/oIyhLP5PR1H+phQAHu5Q==",
            "requires": {
                "once": "^1.4.0"
            }
        },
        "execa": {
            "version": "4.1.0",
            "resolved": "https://registry.npmjs.org/execa/-/execa-4.1.0.tgz",
            "integrity": "sha512-j5W0//W7f8UxAn8hXVnwG8tLwdiUy4FJLcSupCg6maBYZDpyBvTApK7KyuI4bKj8KOh1r2YH+6ucuYtJv1bTZA==",
            "requires": {
                "cross-spawn": "^7.0.0",
                "get-stream": "^5.0.0",
                "human-signals": "^1.1.1",
                "is-stream": "^2.0.0",
                "merge-stream": "^2.0.0",
                "npm-run-path": "^4.0.0",
                "onetime": "^5.1.0",
                "signal-exit": "^3.0.2",
                "strip-final-newline": "^2.0.0"
            }
        },
        "fill-range": {
            "version": "7.0.1",
            "resolved": "https://registry.npmjs.org/fill-range/-/fill-range-7.0.1.tgz",
            "integrity": "sha512-qOo9F+dMUmC2Lcb4BbVvnKJxTPjCm+RRpe4gDuGrzkL7mEVl/djYSu2OdQ2Pa302N4oqkSg9ir6jaLWJ2USVpQ==",
            "requires": {
                "to-regex-range": "^5.0.1"
            }
        },
        "filter-obj": {
            "version": "1.1.0",
            "resolved": "https://registry.npmjs.org/filter-obj/-/filter-obj-1.1.0.tgz",
            "integrity": "sha1-mzERErxsYSehbgFsbF1/GeCAXFs="
        },
        "fs-extra": {
            "version": "9.1.0",
            "resolved": "https://registry.npmjs.org/fs-extra/-/fs-extra-9.1.0.tgz",
            "integrity": "sha512-hcg3ZmepS30/7BSFqRvoo3DOMQu7IjqxO5nCDt+zM9XWjb33Wg7ziNT+Qvqbuc3+gWpzO02JubVyk2G4Zvo1OQ==",
            "requires": {
                "at-least-node": "^1.0.0",
                "graceful-fs": "^4.2.0",
                "jsonfile": "^6.0.1",
                "universalify": "^2.0.0"
            }
        },
        "function-bind": {
            "version": "1.1.1",
            "resolved": "https://registry.npmjs.org/function-bind/-/function-bind-1.1.1.tgz",
            "integrity": "sha512-yIovAzMX49sF8Yl58fSCWJ5svSLuaibPxXQJFLmBObTuCr0Mf1KiPopGM9NiFjiYBCbfaa2Fh6breQ6ANVTI0A=="
        },
        "get-intrinsic": {
            "version": "1.1.1",
            "resolved": "https://registry.npmjs.org/get-intrinsic/-/get-intrinsic-1.1.1.tgz",
            "integrity": "sha512-kWZrnVM42QCiEA2Ig1bG8zjoIMOgxWwYCEeNdwY6Tv/cOSeGpcoX4pXHfKUxNKVoArnrEr2e9srnAxxGIraS9Q==",
            "requires": {
                "function-bind": "^1.1.1",
                "has": "^1.0.3",
                "has-symbols": "^1.0.1"
            }
        },
        "get-stream": {
            "version": "5.2.0",
            "resolved": "https://registry.npmjs.org/get-stream/-/get-stream-5.2.0.tgz",
            "integrity": "sha512-nBF+F1rAZVCu/p7rjzgA+Yb4lfYXrpl7a6VmJrU8wF9I1CKvP/QwPNZHnOlwbTkY6dvtFIzFMSyQXbLoTQPRpA==",
            "requires": {
                "pump": "^3.0.0"
            }
        },
        "git-up": {
            "version": "4.0.5",
            "resolved": "https://registry.npmjs.org/git-up/-/git-up-4.0.5.tgz",
            "integrity": "sha512-YUvVDg/vX3d0syBsk/CKUTib0srcQME0JyHkL5BaYdwLsiCslPWmDSi8PUMo9pXYjrryMcmsCoCgsTpSCJEQaA==",
            "requires": {
                "is-ssh": "^1.3.0",
                "parse-url": "^6.0.0"
            }
        },
        "git-url-parse": {
            "version": "11.5.0",
            "resolved": "https://registry.npmjs.org/git-url-parse/-/git-url-parse-11.5.0.tgz",
            "integrity": "sha512-TZYSMDeM37r71Lqg1mbnMlOqlHd7BSij9qN7XwTkRqSAYFMihGLGhfHwgqQob3GUhEneKnV4nskN9rbQw2KGxA==",
            "requires": {
                "git-up": "^4.0.0"
            }
        },
        "graceful-fs": {
            "version": "4.2.8",
            "resolved": "https://registry.npmjs.org/graceful-fs/-/graceful-fs-4.2.8.tgz",
            "integrity": "sha512-qkIilPUYcNhJpd33n0GBXTB1MMPp14TxEsEs0pTrsSVucApsYzW5V+Q8Qxhik6KU3evy+qkAAowTByymK0avdg=="
        },
        "handlebars": {
            "version": "4.7.7",
            "resolved": "https://registry.npmjs.org/handlebars/-/handlebars-4.7.7.tgz",
            "integrity": "sha512-aAcXm5OAfE/8IXkcZvCepKU3VzW1/39Fb5ZuqMtgI/hT8X2YgoMvBY5dLhq/cpOvw7Lk1nK/UF71aLG/ZnVYRA==",
            "requires": {
                "minimist": "^1.2.5",
                "neo-async": "^2.6.0",
                "source-map": "^0.6.1",
                "uglify-js": "^3.1.4",
                "wordwrap": "^1.0.0"
            }
        },
        "has": {
            "version": "1.0.3",
            "resolved": "https://registry.npmjs.org/has/-/has-1.0.3.tgz",
            "integrity": "sha512-f2dvO0VU6Oej7RkWJGrehjbzMAjFp5/VKPp5tTpWIV4JHHZK1/BxbFRtf/siA2SWTe09caDmVtYYzWEIbBS4zw==",
            "requires": {
                "function-bind": "^1.1.1"
            }
        },
        "has-symbols": {
            "version": "1.0.2",
            "resolved": "https://registry.npmjs.org/has-symbols/-/has-symbols-1.0.2.tgz",
            "integrity": "sha512-chXa79rL/UC2KlX17jo3vRGz0azaWEx5tGqZg5pO3NUyEJVB17dMruQlzCCOfUvElghKcm5194+BCRvi2Rv/Gw=="
        },
        "human-signals": {
            "version": "1.1.1",
            "resolved": "https://registry.npmjs.org/human-signals/-/human-signals-1.1.1.tgz",
            "integrity": "sha512-SEQu7vl8KjNL2eoGBLF3+wAjpsNfA9XMlXAYj/3EdaNfAlxKthD1xjEQfGOUhllCGGJVNY34bRr6lPINhNjyZw=="
        },
        "indent-string": {
            "version": "4.0.0",
            "resolved": "https://registry.npmjs.org/indent-string/-/indent-string-4.0.0.tgz",
            "integrity": "sha512-EdDDZu4A2OyIK7Lr/2zG+w5jmbuk1DVBnEwREQvBzspBJkCEbRa8GxU1lghYcaGJCnRWibjDXlq779X1/y5xwg=="
        },
        "is-number": {
            "version": "7.0.0",
            "resolved": "https://registry.npmjs.org/is-number/-/is-number-7.0.0.tgz",
            "integrity": "sha512-41Cifkg6e8TylSpdtTpeLVMqvSBEVzTttHvERD741+pnZ8ANv0004MRL43QKPDlK9cGvNp6NZWZUBlbGXYxxng=="
        },
        "is-ssh": {
            "version": "1.3.3",
            "resolved": "https://registry.npmjs.org/is-ssh/-/is-ssh-1.3.3.tgz",
            "integrity": "sha512-NKzJmQzJfEEma3w5cJNcUMxoXfDjz0Zj0eyCalHn2E6VOwlzjZo0yuO2fcBSf8zhFuVCL/82/r5gRcoi6aEPVQ==",
            "requires": {
                "protocols": "^1.1.0"
            }
        },
        "is-stream": {
            "version": "2.0.1",
            "resolved": "https://registry.npmjs.org/is-stream/-/is-stream-2.0.1.tgz",
            "integrity": "sha512-hFoiJiTl63nn+kstHGBtewWSKnQLpyb155KHheA1l39uvtO9nWIop1p3udqPcUd/xbF1VLMO4n7OI6p7RbngDg=="
        },
        "isexe": {
            "version": "2.0.0",
            "resolved": "https://registry.npmjs.org/isexe/-/isexe-2.0.0.tgz",
            "integrity": "sha1-6PvzdNxVb/iUehDcsFctYz8s+hA="
        },
        "issue-regex": {
            "version": "3.1.0",
            "resolved": "https://registry.npmjs.org/issue-regex/-/issue-regex-3.1.0.tgz",
            "integrity": "sha512-0RHjbtw9QXeSYnIEY5Yrp2QZrdtz21xBDV9C/GIlY2POmgoS6a7qjkYS5siRKXScnuAj5/SPv1C3YForNCHTJA=="
        },
        "jsonfile": {
            "version": "6.1.0",
            "resolved": "https://registry.npmjs.org/jsonfile/-/jsonfile-6.1.0.tgz",
            "integrity": "sha512-5dgndWOriYSm5cnYaJNhalLNDKOqFwyDB/rr1E9ZsGciGvKPs8R2xYGCacuf3z6K1YKDz182fd+fY3cn3pMqXQ==",
            "requires": {
                "graceful-fs": "^4.1.6",
                "universalify": "^2.0.0"
            }
        },
        "lodash": {
            "version": "4.17.21",
            "resolved": "https://registry.npmjs.org/lodash/-/lodash-4.17.21.tgz",
            "integrity": "sha512-v2kDEe57lecTulaDIuNTPy3Ry4gLGJ6Z1O3vE1krgXZNrsQ+LFTGHVxVjcXPs17LhbZVGedAJv8XZ1tvj5FvSg=="
        },
        "lodash.clonedeep": {
            "version": "4.5.0",
            "resolved": "https://registry.npmjs.org/lodash.clonedeep/-/lodash.clonedeep-4.5.0.tgz",
            "integrity": "sha1-4j8/nE+Pvd6HJSnBBxhXoIblzO8="
        },
        "lodash.mergewith": {
            "version": "4.6.2",
            "resolved": "https://registry.npmjs.org/lodash.mergewith/-/lodash.mergewith-4.6.2.tgz",
            "integrity": "sha512-GK3g5RPZWTRSeLSpgP8Xhra+pnjBC56q9FZYe1d5RN3TJ35dbkGy3YqBSMbyCrlbi+CM9Z3Jk5yTL7RCsqboyQ=="
        },
        "lodash.uniq": {
            "version": "4.5.0",
            "resolved": "https://registry.npmjs.org/lodash.uniq/-/lodash.uniq-4.5.0.tgz",
            "integrity": "sha1-0CJTc662Uq3BvILklFM5qEJ1R3M="
        },
        "merge-stream": {
            "version": "2.0.0",
            "resolved": "https://registry.npmjs.org/merge-stream/-/merge-stream-2.0.0.tgz",
            "integrity": "sha512-abv/qOcuPfk3URPfDzmZU1LKmuw8kT+0nIHvKrKgFrwifol/doWcdA4ZqsWQ8ENrFKkd67Mfpo/LovbIUsbt3w=="
        },
        "micromatch": {
            "version": "4.0.4",
            "resolved": "https://registry.npmjs.org/micromatch/-/micromatch-4.0.4.tgz",
            "integrity": "sha512-pRmzw/XUcwXGpD9aI9q/0XOwLNygjETJ8y0ao0wdqprrzDa4YnxLcz7fQRZr8voh8V10kGhABbNcHVk5wHgWwg==",
            "requires": {
                "braces": "^3.0.1",
                "picomatch": "^2.2.3"
            }
        },
        "mimic-fn": {
            "version": "2.1.0",
            "resolved": "https://registry.npmjs.org/mimic-fn/-/mimic-fn-2.1.0.tgz",
            "integrity": "sha512-OqbOk5oEQeAZ8WXWydlu9HJjz9WVdEIvamMCcXmuqUYjTknH/sqsWvhQ3vgwKFRR1HpjvNBKQ37nbJgYzGqGcg=="
        },
        "minimist": {
            "version": "1.2.5",
            "resolved": "https://registry.npmjs.org/minimist/-/minimist-1.2.5.tgz",
            "integrity": "sha512-FM9nNUYrRBAELZQT3xeZQ7fmMOBg6nWNmJKTcgsJeaLstP/UODVpGsr5OhXhhXg6f+qtJ8uiZ+PUxkDWcgIXLw=="
        },
        "ms": {
            "version": "2.1.2",
            "resolved": "https://registry.npmjs.org/ms/-/ms-2.1.2.tgz",
            "integrity": "sha512-sGkPx+VjMtmA6MX27oA4FBFELFCZZ4S4XqeGOXCv68tT+jb3vk/RyaKWP0PTKyWtmLSM0b+adUTEvbs1PEaH2w=="
        },
        "neo-async": {
            "version": "2.6.2",
            "resolved": "https://registry.npmjs.org/neo-async/-/neo-async-2.6.2.tgz",
            "integrity": "sha512-Yd3UES5mWCSqR+qNT93S3UoYUkqAZ9lLg8a7g9rimsWmYGK8cVToA4/sF3RrshdyV3sAGMXVUmpMYOw+dLpOuw=="
        },
        "node-emoji": {
            "version": "1.11.0",
            "resolved": "https://registry.npmjs.org/node-emoji/-/node-emoji-1.11.0.tgz",
            "integrity": "sha512-wo2DpQkQp7Sjm2A0cq+sN7EHKO6Sl0ctXeBdFZrL9T9+UywORbufTcTZxom8YqpLQt/FqNMUkOpkZrJVYSKD3A==",
            "requires": {
                "lodash": "^4.17.21"
            }
        },
        "normalize-url": {
            "version": "6.1.0",
            "resolved": "https://registry.npmjs.org/normalize-url/-/normalize-url-6.1.0.tgz",
            "integrity": "sha512-DlL+XwOy3NxAQ8xuC0okPgK46iuVNAK01YN7RueYBqqFeGsBjV9XmCAzAdgt+667bCl5kPh9EqKKDwnaPG1I7A=="
        },
        "npm-run-path": {
            "version": "4.0.1",
            "resolved": "https://registry.npmjs.org/npm-run-path/-/npm-run-path-4.0.1.tgz",
            "integrity": "sha512-S48WzZW777zhNIrn7gxOlISNAqi9ZC/uQFnRdbeIHhZhCA6UqpkOT8T1G7BvfdgP4Er8gF4sUbaS0i7QvIfCWw==",
            "requires": {
                "path-key": "^3.0.0"
            }
        },
        "object-inspect": {
            "version": "1.11.0",
            "resolved": "https://registry.npmjs.org/object-inspect/-/object-inspect-1.11.0.tgz",
            "integrity": "sha512-jp7ikS6Sd3GxQfZJPyH3cjcbJF6GZPClgdV+EFygjFLQ5FmW/dRUnTd9PQ9k0JhoNDabWFbpF1yCdSWCC6gexg=="
        },
        "once": {
            "version": "1.4.0",
            "resolved": "https://registry.npmjs.org/once/-/once-1.4.0.tgz",
            "integrity": "sha1-WDsap3WWHUsROsF9nFC6753Xa9E=",
            "requires": {
                "wrappy": "1"
            }
        },
        "onetime": {
            "version": "5.1.2",
            "resolved": "https://registry.npmjs.org/onetime/-/onetime-5.1.2.tgz",
            "integrity": "sha512-kbpaSSGJTWdAY5KPVeMOKXSrPtr8C8C7wodJbcsd51jRnmD+GZu8Y0VoU6Dm5Z4vWr0Ig/1NKuWRKf7j5aaYSg==",
            "requires": {
                "mimic-fn": "^2.1.0"
            }
        },
        "p-reduce": {
            "version": "2.1.0",
            "resolved": "https://registry.npmjs.org/p-reduce/-/p-reduce-2.1.0.tgz",
            "integrity": "sha512-2USApvnsutq8uoxZBGbbWM0JIYLiEMJ9RlaN7fAzVNb9OZN0SHjjTTfIcb667XynS5Y1VhwDJVDa72TnPzAYWw=="
        },
        "parse-path": {
            "version": "4.0.3",
            "resolved": "https://registry.npmjs.org/parse-path/-/parse-path-4.0.3.tgz",
            "integrity": "sha512-9Cepbp2asKnWTJ9x2kpw6Fe8y9JDbqwahGCTvklzd/cEq5C5JC59x2Xb0Kx+x0QZ8bvNquGO8/BWP0cwBHzSAA==",
            "requires": {
                "is-ssh": "^1.3.0",
                "protocols": "^1.4.0",
                "qs": "^6.9.4",
                "query-string": "^6.13.8"
            }
        },
        "parse-url": {
            "version": "6.0.0",
            "resolved": "https://registry.npmjs.org/parse-url/-/parse-url-6.0.0.tgz",
            "integrity": "sha512-cYyojeX7yIIwuJzledIHeLUBVJ6COVLeT4eF+2P6aKVzwvgKQPndCBv3+yQ7pcWjqToYwaligxzSYNNmGoMAvw==",
            "requires": {
                "is-ssh": "^1.3.0",
                "normalize-url": "^6.1.0",
                "parse-path": "^4.0.0",
                "protocols": "^1.4.0"
            }
        },
        "path-key": {
            "version": "3.1.1",
            "resolved": "https://registry.npmjs.org/path-key/-/path-key-3.1.1.tgz",
            "integrity": "sha512-ojmeN0qd+y0jszEtoY48r0Peq5dwMEkIlCOu6Q5f41lfkswXuKtYrhgoTpLnyIcHm24Uhqx+5Tqm2InSwLhE6Q=="
        },
        "path-type": {
            "version": "4.0.0",
            "resolved": "https://registry.npmjs.org/path-type/-/path-type-4.0.0.tgz",
            "integrity": "sha512-gDKb8aZMDeD/tZWs9P6+q0J9Mwkdl6xMV8TjnGP3qJVJ06bdMgkbBlLU8IdfOsIsFz2BW1rNVT3XuNEl8zPAvw=="
        },
        "picomatch": {
            "version": "2.3.0",
            "resolved": "https://registry.npmjs.org/picomatch/-/picomatch-2.3.0.tgz",
            "integrity": "sha512-lY1Q/PiJGC2zOv/z391WOTD+Z02bCgsFfvxoXXf6h7kv9o+WmsmzYqrAwY63sNgOxE4xEdq0WyUnXfKeBrSvYw=="
        },
        "protocols": {
            "version": "1.4.8",
            "resolved": "https://registry.npmjs.org/protocols/-/protocols-1.4.8.tgz",
            "integrity": "sha512-IgjKyaUSjsROSO8/D49Ab7hP8mJgTYcqApOqdPhLoPxAplXmkp+zRvsrSQjFn5by0rhm4VH0GAUELIPpx7B1yg=="
        },
        "pump": {
            "version": "3.0.0",
            "resolved": "https://registry.npmjs.org/pump/-/pump-3.0.0.tgz",
            "integrity": "sha512-LwZy+p3SFs1Pytd/jYct4wpv49HiYCqd9Rlc5ZVdk0V+8Yzv6jR5Blk3TRmPL1ft69TxP0IMZGJ+WPFU2BFhww==",
            "requires": {
                "end-of-stream": "^1.1.0",
                "once": "^1.3.1"
            }
        },
        "qs": {
            "version": "6.10.1",
            "resolved": "https://registry.npmjs.org/qs/-/qs-6.10.1.tgz",
            "integrity": "sha512-M528Hph6wsSVOBiYUnGf+K/7w0hNshs/duGsNXPUCLH5XAqjEtiPGwNONLV0tBH8NoGb0mvD5JubnUTrujKDTg==",
            "requires": {
                "side-channel": "^1.0.4"
            }
        },
        "query-string": {
            "version": "6.14.1",
            "resolved": "https://registry.npmjs.org/query-string/-/query-string-6.14.1.tgz",
            "integrity": "sha512-XDxAeVmpfu1/6IjyT/gXHOl+S0vQ9owggJ30hhWKdHAsNPOcasn5o9BW0eejZqL2e4vMjhAxoW3jVHcD6mbcYw==",
            "requires": {
                "decode-uri-component": "^0.2.0",
                "filter-obj": "^1.1.0",
                "split-on-first": "^1.0.0",
                "strict-uri-encode": "^2.0.0"
            }
        },
        "semantic-release-gitmoji": {
            "version": "1.3.4",
            "resolved": "https://registry.npmjs.org/semantic-release-gitmoji/-/semantic-release-gitmoji-1.3.4.tgz",
            "integrity": "sha512-uuuEmlhCwnSm3KMhu/bO2TMza/Fh8tZ8XVarHBVOVReSoGlJZKXn/TI1BSCgs2iPaxEJM3yJQ/zVCJISwfPtrQ==",
            "requires": {
                "dateformat": "^3.0.3",
                "debug": "^4.1.1",
                "emoji-regex": "^9.0.0",
                "git-url-parse": "^11.1.2",
                "handlebars": "^4.7.6",
                "issue-regex": "^3.1.0",
                "lodash.clonedeep": "^4.5.0",
                "lodash.mergewith": "^4.6.2",
                "lodash.uniq": "^4.5.0",
                "node-emoji": "^1.10.0"
            },
            "dependencies": {
                "dateformat": {
                    "version": "3.0.3",
                    "resolved": "https://registry.npmjs.org/dateformat/-/dateformat-3.0.3.tgz",
                    "integrity": "sha512-jyCETtSl3VMZMWeRo7iY1FL19ges1t55hMo5yaam4Jrsm5EPL89UQkoQRyiI+Yf4k8r2ZpdngkV8hr1lIdjb3Q=="
                }
            }
        },
        "shebang-command": {
            "version": "2.0.0",
            "resolved": "https://registry.npmjs.org/shebang-command/-/shebang-command-2.0.0.tgz",
            "integrity": "sha512-kHxr2zZpYtdmrN1qDjrrX/Z1rR1kG8Dx+gkpK1G4eXmvXswmcE1hTWBWYUzlraYw1/yZp6YuDY77YtvbN0dmDA==",
            "requires": {
                "shebang-regex": "^3.0.0"
            }
        },
        "shebang-regex": {
            "version": "3.0.0",
            "resolved": "https://registry.npmjs.org/shebang-regex/-/shebang-regex-3.0.0.tgz",
            "integrity": "sha512-7++dFhtcx3353uBaq8DDR4NuxBetBzC7ZQOhmTQInHEd6bSrXdiEyzCvG07Z44UYdLShWUyXt5M/yhz8ekcb1A=="
        },
        "side-channel": {
            "version": "1.0.4",
            "resolved": "https://registry.npmjs.org/side-channel/-/side-channel-1.0.4.tgz",
            "integrity": "sha512-q5XPytqFEIKHkGdiMIrY10mvLRvnQh42/+GoBlFW3b2LXLE2xxJpZFdm94we0BaoV3RwJyGqg5wS7epxTv0Zvw==",
            "requires": {
                "call-bind": "^1.0.0",
                "get-intrinsic": "^1.0.2",
                "object-inspect": "^1.9.0"
            }
        },
        "signal-exit": {
            "version": "3.0.3",
            "resolved": "https://registry.npmjs.org/signal-exit/-/signal-exit-3.0.3.tgz",
            "integrity": "sha512-VUJ49FC8U1OxwZLxIbTTrDvLnf/6TDgxZcK8wxR8zs13xpx7xbG60ndBlhNrFi2EMuFRoeDoJO7wthSLq42EjA=="
        },
        "source-map": {
            "version": "0.6.1",
            "resolved": "https://registry.npmjs.org/source-map/-/source-map-0.6.1.tgz",
            "integrity": "sha512-UjgapumWlbMhkBgzT7Ykc5YXUT46F0iKu8SGXq0bcwP5dz/h0Plj6enJqjz1Zbq2l5WaqYnrVbwWOWMyF3F47g=="
        },
        "split-on-first": {
            "version": "1.1.0",
            "resolved": "https://registry.npmjs.org/split-on-first/-/split-on-first-1.1.0.tgz",
            "integrity": "sha512-43ZssAJaMusuKWL8sKUBQXHWOpq8d6CfN/u1p4gUzfJkM05C8rxTmYrkIPTXapZpORA6LkkzcUulJ8FqA7Uudw=="
        },
        "strict-uri-encode": {
            "version": "2.0.0",
            "resolved": "https://registry.npmjs.org/strict-uri-encode/-/strict-uri-encode-2.0.0.tgz",
            "integrity": "sha1-ucczDHBChi9rFC3CdLvMWGbONUY="
        },
        "strip-final-newline": {
            "version": "2.0.0",
            "resolved": "https://registry.npmjs.org/strip-final-newline/-/strip-final-newline-2.0.0.tgz",
            "integrity": "sha512-BrpvfNAE3dcvq7ll3xVumzjKjZQ5tI1sEUIKr3Uoks0XUl45St3FlatVqef9prk4jRDzhW6WZg+3bk93y6pLjA=="
        },
        "to-regex-range": {
            "version": "5.0.1",
            "resolved": "https://registry.npmjs.org/to-regex-range/-/to-regex-range-5.0.1.tgz",
            "integrity": "sha512-65P7iz6X5yEr1cwcgvQxbbIw7Uk3gOy5dIdtZ4rDveLqhrdJP+Li/Hx6tyK0NEb+2GCyneCMJiGqrADCSNk8sQ==",
            "requires": {
                "is-number": "^7.0.0"
            }
        },
        "uglify-js": {
            "version": "3.14.1",
            "resolved": "https://registry.npmjs.org/uglify-js/-/uglify-js-3.14.1.tgz",
            "integrity": "sha512-JhS3hmcVaXlp/xSo3PKY5R0JqKs5M3IV+exdLHW99qKvKivPO4Z8qbej6mte17SOPqAOVMjt/XGgWacnFSzM3g==",
            "optional": true
        },
        "universalify": {
            "version": "2.0.0",
            "resolved": "https://registry.npmjs.org/universalify/-/universalify-2.0.0.tgz",
            "integrity": "sha512-hAZsKq7Yy11Zu1DE0OzWjw7nnLZmJZYTDZZyEFHZdUhV8FkH5MCfoU1XMaxXovpyW5nq5scPqq0ZDP9Zyl04oQ=="
        },
        "which": {
            "version": "2.0.2",
            "resolved": "https://registry.npmjs.org/which/-/which-2.0.2.tgz",
            "integrity": "sha512-BLI3Tl1TW3Pvl70l3yq3Y64i+awpwXqsGBYWkkqMtnbXgrMD+yj7rhW0kuEDxzJaYXGjEW5ogapKNMEKNMjibA==",
            "requires": {
                "isexe": "^2.0.0"
            }
        },
        "wordwrap": {
            "version": "1.0.0",
            "resolved": "https://registry.npmjs.org/wordwrap/-/wordwrap-1.0.0.tgz",
            "integrity": "sha1-J1hIEIkUVqQXHI0CJkQa3pDLyus="
        },
        "wrappy": {
            "version": "1.0.2",
            "resolved": "https://registry.npmjs.org/wrappy/-/wrappy-1.0.2.tgz",
            "integrity": "sha1-tSQ9jz7BqjXxNkYFvA0QNuMKtp8="
        }
    }
}
